PODS:
  - Flutter (1.0.0)
  - flutter_sound (7.8.4):
    - Flutter
    - mobile-ffmpeg-full (= 4.4.LTS)
    - tau_core (= 7.8.4)
  - mobile-ffmpeg-full (4.4.LTS)
  - path_provider (0.0.1):
    - Flutter
  - "permission_handler (5.1.0+2)":
    - Flutter
  - tau_core (7.8.4)

DEPENDENCIES:
  - Flutter (from `Flutter`)
  - flutter_sound (from `.symlinks/plugins/flutter_sound/ios`)
  - path_provider (from `.symlinks/plugins/path_provider/ios`)
  - permission_handler (from `.symlinks/plugins/permission_handler/ios`)

SPEC REPOS:
  trunk:
    - mobile-ffmpeg-full
    - tau_core

EXTERNAL SOURCES:
  Flutter:
    :path: Flutter
  flutter_sound:
    :path: ".symlinks/plugins/flutter_sound/ios"
  path_provider:
    :path: ".symlinks/plugins/path_provider/ios"
  permission_handler:
    :path: ".symlinks/plugins/permission_handler/ios"

SPEC CHECKSUMS:
  Flutter: 0e3d915762c693b495b44d77113d4970485de6ec
  flutter_sound: 0eaefa47c8c809e57ac05991c186a6c7b06251df
  mobile-ffmpeg-full: f17c82219b4ff9e4018b5e21f88b78c28a3475db
  path_provider: abfe2b5c733d04e238b0d8691db0cfd63a27a93c
  permission_handler: ccb20a9fad0ee9b1314a52b70b76b473c5f8dab0
  tau_core: 71db80d2aad606dc43a2606b000dcd9a1dadd863

PODFILE CHECKSUM: fe0e1ee7f3d1f7d00b11b474b62dd62134535aea

COCOAPODS: 1.10.1
